
Microsoft Visual Studio Solution File, Format Version 12.00
# Visual Studio Version 17
VisualStudioVersion = 17.3.32901.215
MinimumVisualStudioVersion = 10.0.40219.1
Project("{FAE04EC0-301F-11D3-BF4B-00C04F79EFBC}") = "indirimli-satis(ogrenciindirimi)", "indirimli-satis(ogrenciindirimi)\indirimli-satis(ogrenciindirimi).csproj", "{55DFB90E-B41C-4FBA-B1DA-549EC1C17FEF}"
EndProject
Global
	GlobalSection(SolutionConfigurationPlatforms) = preSolution
		Debug|Any CPU = Debug|Any CPU
		Release|Any CPU = Release|Any CPU
	EndGlobalSection
	GlobalSection(ProjectConfigurationPlatforms) = postSolution
		{55DFB90E-B41C-4FBA-B1DA-549EC1C17FEF}.Debug|Any CPU.ActiveCfg = Debug|Any CPU
		{55DFB90E-B41C-4FBA-B1DA-549EC1C17FEF}.Debug|Any CPU.Build.0 = Debug|Any CPU
		{55DFB90E-B41C-4FBA-B1DA-549EC1C17FEF}.Release|Any CPU.ActiveCfg = Release|Any CPU
		{55DFB90E-B41C-4FBA-B1DA-549EC1C17FEF}.Release|Any CPU.Build.0 = Release|Any CPU
	EndGlobalSection
	GlobalSection(SolutionProperties) = preSolution
		HideSolutionNode = FALSE
	EndGlobalSection
	GlobalSection(ExtensibilityGlobals) = postSolution
		SolutionGuid = {65541BA0-C1CA-4169-8297-6D694D53A915}
	EndGlobalSection
EndGlobal
